
Microsoft Visual Studio Solution File, Format Version 12.00
# Visual Studio Version 17
VisualStudioVersion = 17.6.33723.286
MinimumVisualStudioVersion = 10.0.40219.1
Project("{FAE04EC0-301F-11D3-BF4B-00C04F79EFBC}") = "InventorySystem", "InventorySystem\InventorySystem.csproj", "{DB2F0E00-48E5-4323-993A-205F4C61FA09}"
EndProject
Global
	GlobalSection(SolutionConfigurationPlatforms) = preSolution
		Debug|Any CPU = Debug|Any CPU
		Release|Any CPU = Release|Any CPU
	EndGlobalSection
	GlobalSection(ProjectConfigurationPlatforms) = postSolution
		{DB2F0E00-48E5-4323-993A-205F4C61FA09}.Debug|Any CPU.ActiveCfg = Debug|Any CPU
		{DB2F0E00-48E5-4323-993A-205F4C61FA09}.Debug|Any CPU.Build.0 = Debug|Any CPU
		{DB2F0E00-48E5-4323-993A-205F4C61FA09}.Release|Any CPU.ActiveCfg = Release|Any CPU
		{DB2F0E00-48E5-4323-993A-205F4C61FA09}.Release|Any CPU.Build.0 = Release|Any CPU
	EndGlobalSection
	GlobalSection(SolutionProperties) = preSolution
		HideSolutionNode = FALSE
	EndGlobalSection
	GlobalSection(ExtensibilityGlobals) = postSolution
		SolutionGuid = {CF3B3C74-C868-4E2D-8359-CC3A0BBC3AEE}
	EndGlobalSection
EndGlobal
